// !$*UTF8*$!
{
	archiveVersion = 1;
	classes = {
	};
	objectVersion = 46;
	objects = {

/* Begin PBXBuildFile section */
		A80B35E71CD8D0E100E5600F /* libCryptoMalloc.dylib in CopyFiles */ = {isa = PBXBuildFile; fileRef = A89C745B1CD856DA0075007B /* libCryptoMalloc.dylib */; };
		A80B35E91CD8D13500E5600F /* libCryptoMalloc.dylib in CopyFiles */ = {isa = PBXBuildFile; fileRef = A89C745B1CD856DA0075007B /* libCryptoMalloc.dylib */; };
		A89C74531CD8561B0075007B /* main.c in Sources */ = {isa = PBXBuildFile; fileRef = A89C74521CD8561B0075007B /* main.c */; };
		A89C74621CD857320075007B /* main.c in Sources */ = {isa = PBXBuildFile; fileRef = A89C74421CD82FF50075007B /* main.c */; };
		A89C746B1CD97E050075007B /* libCryptoMalloc.dylib in Frameworks */ = {isa = PBXBuildFile; fileRef = A89C745B1CD856DA0075007B /* libCryptoMalloc.dylib */; };
/* End PBXBuildFile section */

/* Begin PBXCopyFilesBuildPhase section */
		A80B35E81CD8D12C00E5600F /* CopyFiles */ = {
			isa = PBXCopyFilesBuildPhase;
			buildActionMask = 8;
			dstPath = /usr/share/man/man1;
			dstSubfolderSpec = 0;
			files = (
				A80B35E91CD8D13500E5600F /* libCryptoMalloc.dylib in CopyFiles */,
			);
			runOnlyForDeploymentPostprocessing = 1;
		};
		A89C744E1CD8561B0075007B /* CopyFiles */ = {
			isa = PBXCopyFilesBuildPhase;
			buildActionMask = 12;
			dstPath = /Users/denislavrov/Desktop;
			dstSubfolderSpec = 0;
			files = (
				A80B35E71CD8D0E100E5600F /* libCryptoMalloc.dylib in CopyFiles */,
			);
			runOnlyForDeploymentPostprocessing = 0;
		};
/* End PBXCopyFilesBuildPhase section */

/* Begin PBXFileReference section */
		A89C74421CD82FF50075007B /* main.c */ = {isa = PBXFileReference; lastKnownFileType = sourcecode.c.c; path = main.c; sourceTree = "<group>"; };
		A89C74501CD8561B0075007B /* CryptoMallocTest */ = {isa = PBXFileReference; explicitFileType = "compiled.mach-o.executable"; includeInIndex = 0; path = CryptoMallocTest; sourceTree = BUILT_PRODUCTS_DIR; };
		A89C74521CD8561B0075007B /* main.c */ = {isa = PBXFileReference; lastKnownFileType = sourcecode.c.c; path = main.c; sourceTree = "<group>"; };
		A89C745B1CD856DA0075007B /* libCryptoMalloc.dylib */ = {isa = PBXFileReference; explicitFileType = "compiled.mach-o.dylib"; includeInIndex = 0; path = libCryptoMalloc.dylib; sourceTree = BUILT_PRODUCTS_DIR; };
		A89C74671CD95B8A0075007B /* Makefile */ = {isa = PBXFileReference; lastKnownFileType = sourcecode.make; path = Makefile; sourceTree = "<group>"; };
		A89C746C1CDAD4B80075007B /* cmalloc.sh */ = {isa = PBXFileReference; lastKnownFileType = text.script.sh; path = cmalloc.sh; sourceTree = "<group>"; };
/* End PBXFileReference section */

/* Begin PBXFrameworksBuildPhase section */
		A89C744D1CD8561B0075007B /* Frameworks */ = {
			isa = PBXFrameworksBuildPhase;
			buildActionMask = 2147483647;
			files = (
				A89C746B1CD97E050075007B /* libCryptoMalloc.dylib in Frameworks */,
			);
			runOnlyForDeploymentPostprocessing = 0;
		};
		A89C74581CD856DA0075007B /* Frameworks */ = {
			isa = PBXFrameworksBuildPhase;
			buildActionMask = 2147483647;
			files = (
			);
			runOnlyForDeploymentPostprocessing = 0;
		};
/* End PBXFrameworksBuildPhase section */

/* Begin PBXGroup section */
		A89C74361CD82FF50075007B = {
			isa = PBXGroup;
			children = (
				A89C746C1CDAD4B80075007B /* cmalloc.sh */,
				A89C74671CD95B8A0075007B /* Makefile */,
				A89C74411CD82FF50075007B /* CryptoMalloc */,
				A89C74511CD8561B0075007B /* CryptoMallocTest */,
				A89C74401CD82FF50075007B /* Products */,
			);
			sourceTree = "<group>";
		};
		A89C74401CD82FF50075007B /* Products */ = {
			isa = PBXGroup;
			children = (
				A89C74501CD8561B0075007B /* CryptoMallocTest */,
				A89C745B1CD856DA0075007B /* libCryptoMalloc.dylib */,
			);
			name = Products;
			sourceTree = "<group>";
		};
		A89C74411CD82FF50075007B /* CryptoMalloc */ = {
			isa = PBXGroup;
			children = (
				A89C74421CD82FF50075007B /* main.c */,
			);
			path = CryptoMalloc;
			sourceTree = "<group>";
		};
		A89C74511CD8561B0075007B /* CryptoMallocTest */ = {
			isa = PBXGroup;
			children = (
				A89C74521CD8561B0075007B /* main.c */,
			);
			path = CryptoMallocTest;
			sourceTree = "<group>";
		};
/* End PBXGroup section */

/* Begin PBXHeadersBuildPhase section */
		A89C74591CD856DA0075007B /* Headers */ = {
			isa = PBXHeadersBuildPhase;
			buildActionMask = 2147483647;
			files = (
			);
			runOnlyForDeploymentPostprocessing = 0;
		};
/* End PBXHeadersBuildPhase section */

/* Begin PBXNativeTarget section */
		A89C744F1CD8561B0075007B /* CryptoMallocTest */ = {
			isa = PBXNativeTarget;
			buildConfigurationList = A89C74561CD8561B0075007B /* Build configuration list for PBXNativeTarget "CryptoMallocTest" */;
			buildPhases = (
				A89C744C1CD8561B0075007B /* Sources */,
				A89C744D1CD8561B0075007B /* Frameworks */,
				A89C744E1CD8561B0075007B /* CopyFiles */,
				A80B35E81CD8D12C00E5600F /* CopyFiles */,
			);
			buildRules = (
			);
			dependencies = (
			);
			name = CryptoMallocTest;
			productName = CryptoMallocTest;
			productReference = A89C74501CD8561B0075007B /* CryptoMallocTest */;
			productType = "com.apple.product-type.tool";
		};
		A89C745A1CD856DA0075007B /* CryptoMalloc */ = {
			isa = PBXNativeTarget;
			buildConfigurationList = A89C745C1CD856DA0075007B /* Build configuration list for PBXNativeTarget "CryptoMalloc" */;
			buildPhases = (
				A89C74571CD856DA0075007B /* Sources */,
				A89C74581CD856DA0075007B /* Frameworks */,
				A89C74591CD856DA0075007B /* Headers */,
			);
			buildRules = (
			);
			dependencies = (
			);
			name = CryptoMalloc;
			productName = CryptoMalloc;
			productReference = A89C745B1CD856DA0075007B /* libCryptoMalloc.dylib */;
			productType = "com.apple.product-type.library.dynamic";
		};
/* End PBXNativeTarget section */

/* Begin PBXProject section */
		A89C74371CD82FF50075007B /* Project object */ = {
			isa = PBXProject;
			attributes = {
				LastUpgradeCheck = 0720;
				ORGANIZATIONNAME = "Denis Lavrov";
				TargetAttributes = {
					A89C744F1CD8561B0075007B = {
						CreatedOnToolsVersion = 7.2.1;
					};
					A89C745A1CD856DA0075007B = {
						CreatedOnToolsVersion = 7.2.1;
					};
				};
			};
			buildConfigurationList = A89C743A1CD82FF50075007B /* Build configuration list for PBXProject "CryptoMalloc" */;
			compatibilityVersion = "Xcode 3.2";
			developmentRegion = English;
			hasScannedForEncodings = 0;
			knownRegions = (
				en,
			);
			mainGroup = A89C74361CD82FF50075007B;
			productRefGroup = A89C74401CD82FF50075007B /* Products */;
			projectDirPath = "";
			projectRoot = "";
			targets = (
				A89C744F1CD8561B0075007B /* CryptoMallocTest */,
				A89C745A1CD856DA0075007B /* CryptoMalloc */,
			);
		};
/* End PBXProject section */

/* Begin PBXSourcesBuildPhase section */
		A89C744C1CD8561B0075007B /* Sources */ = {
			isa = PBXSourcesBuildPhase;
			buildActionMask = 2147483647;
			files = (
				A89C74531CD8561B0075007B /* main.c in Sources */,
			);
			runOnlyForDeploymentPostprocessing = 0;
		};
		A89C74571CD856DA0075007B /* Sources */ = {
			isa = PBXSourcesBuildPhase;
			buildActionMask = 2147483647;
			files = (
				A89C74621CD857320075007B /* main.c in Sources */,
			);
			runOnlyForDeploymentPostprocessing = 0;
		};
/* End PBXSourcesBuildPhase section */

/* Begin XCBuildConfiguration section */
		A89C74441CD82FF50075007B /* Debug */ = {
			isa = XCBuildConfiguration;
			buildSettings = {
				ALWAYS_SEARCH_USER_PATHS = NO;
				CLANG_CXX_LANGUAGE_STANDARD = "gnu++0x";
				CLANG_CXX_LIBRARY = "libc++";
				CLANG_ENABLE_MODULES = YES;
				CLANG_ENABLE_OBJC_ARC = YES;
				CLANG_WARN_BOOL_CONVERSION = YES;
				CLANG_WARN_CONSTANT_CONVERSION = YES;
				CLANG_WARN_DIRECT_OBJC_ISA_USAGE = YES_ERROR;
				CLANG_WARN_EMPTY_BODY = YES;
				CLANG_WARN_ENUM_CONVERSION = YES;
				CLANG_WARN_INT_CONVERSION = YES;
				CLANG_WARN_OBJC_ROOT_CLASS = YES_ERROR;
				CLANG_WARN_UNREACHABLE_CODE = YES;
				CLANG_WARN__DUPLICATE_METHOD_MATCH = YES;
				CODE_SIGN_IDENTITY = "-";
				COPY_PHASE_STRIP = NO;
				DEBUG_INFORMATION_FORMAT = dwarf;
				ENABLE_STRICT_OBJC_MSGSEND = YES;
				ENABLE_TESTABILITY = YES;
				GCC_C_LANGUAGE_STANDARD = gnu99;
				GCC_DYNAMIC_NO_PIC = NO;
				GCC_NO_COMMON_BLOCKS = YES;
				GCC_OPTIMIZATION_LEVEL = 0;
				GCC_PREPROCESSOR_DEFINITIONS = (
					"DEBUG=1",
					"$(inherited)",
				);
				GCC_WARN_64_TO_32_BIT_CONVERSION = YES;
				GCC_WARN_ABOUT_RETURN_TYPE = YES_ERROR;
				GCC_WARN_UNDECLARED_SELECTOR = YES;
				GCC_WARN_UNINITIALIZED_AUTOS = YES_AGGRESSIVE;
				GCC_WARN_UNUSED_FUNCTION = YES;
				GCC_WARN_UNUSED_VARIABLE = YES;
				MACOSX_DEPLOYMENT_TARGET = 10.11;
				MTL_ENABLE_DEBUG_INFO = YES;
				ONLY_ACTIVE_ARCH = YES;
				SDKROOT = macosx;
			};
			name = Debug;
		};
		A89C74451CD82FF50075007B /* Release */ = {
			isa = XCBuildConfiguration;
			buildSettings = {
				ALWAYS_SEARCH_USER_PATHS = NO;
				CLANG_CXX_LANGUAGE_STANDARD = "gnu++0x";
				CLANG_CXX_LIBRARY = "libc++";
				CLANG_ENABLE_MODULES = YES;
				CLANG_ENABLE_OBJC_ARC = YES;
				CLANG_WARN_BOOL_CONVERSION = YES;
				CLANG_WARN_CONSTANT_CONVERSION = YES;
				CLANG_WARN_DIRECT_OBJC_ISA_USAGE = YES_ERROR;
				CLANG_WARN_EMPTY_BODY = YES;
				CLANG_WARN_ENUM_CONVERSION = YES;
				CLANG_WARN_INT_CONVERSION = YES;
				CLANG_WARN_OBJC_ROOT_CLASS = YES_ERROR;
				CLANG_WARN_UNREACHABLE_CODE = YES;
				CLANG_WARN__DUPLICATE_METHOD_MATCH = YES;
				CODE_SIGN_IDENTITY = "-";
				COPY_PHASE_STRIP = NO;
				DEBUG_INFORMATION_FORMAT = "dwarf-with-dsym";
				ENABLE_NS_ASSERTIONS = NO;
				ENABLE_STRICT_OBJC_MSGSEND = YES;
				GCC_C_LANGUAGE_STANDARD = gnu99;
				GCC_NO_COMMON_BLOCKS = YES;
				GCC_WARN_64_TO_32_BIT_CONVERSION = YES;
				GCC_WARN_ABOUT_RETURN_TYPE = YES_ERROR;
				GCC_WARN_UNDECLARED_SELECTOR = YES;
				GCC_WARN_UNINITIALIZED_AUTOS = YES_AGGRESSIVE;
				GCC_WARN_UNUSED_FUNCTION = YES;
				GCC_WARN_UNUSED_VARIABLE = YES;
				MACOSX_DEPLOYMENT_TARGET = 10.11;
				MTL_ENABLE_DEBUG_INFO = NO;
				SDKROOT = macosx;
			};
			name = Release;
		};
		A89C74541CD8561B0075007B /* Debug */ = {
			isa = XCBuildConfiguration;
			buildSettings = {
				PRODUCT_NAME = "$(TARGET_NAME)";
			};
			name = Debug;
		};
		A89C74551CD8561B0075007B /* Release */ = {
			isa = XCBuildConfiguration;
			buildSettings = {
				PRODUCT_NAME = "$(TARGET_NAME)";
			};
			name = Release;
		};
		A89C745D1CD856DA0075007B /* Debug */ = {
			isa = XCBuildConfiguration;
			buildSettings = {
				DEBUG_INFORMATION_FORMAT = "dwarf-with-dsym";
				DYLIB_COMPATIBILITY_VERSION = 1;
				DYLIB_CURRENT_VERSION = 1;
				EXECUTABLE_PREFIX = lib;
				PRODUCT_NAME = "$(TARGET_NAME)";
			};
			name = Debug;
		};
		A89C745E1CD856DA0075007B /* Release */ = {
			isa = XCBuildConfiguration;
			buildSettings = {
				DYLIB_COMPATIBILITY_VERSION = 1;
				DYLIB_CURRENT_VERSION = 1;
				EXECUTABLE_PREFIX = lib;
				PRODUCT_NAME = "$(TARGET_NAME)";
			};
			name = Release;
		};
/* End XCBuildConfiguration section */

/* Begin XCConfigurationList section */
		A89C743A1CD82FF50075007B /* Build configuration list for PBXProject "CryptoMalloc" */ = {
			isa = XCConfigurationList;
			buildConfigurations = (
				A89C74441CD82FF50075007B /* Debug */,
				A89C74451CD82FF50075007B /* Release */,
			);
			defaultConfigurationIsVisible = 0;
			defaultConfigurationName = Release;
		};
		A89C74561CD8561B0075007B /* Build configuration list for PBXNativeTarget "CryptoMallocTest" */ = {
			isa = XCConfigurationList;
			buildConfigurations = (
				A89C74541CD8561B0075007B /* Debug */,
				A89C74551CD8561B0075007B /* Release */,
			);
			defaultConfigurationIsVisible = 0;
			defaultConfigurationName = Release;
		};
		A89C745C1CD856DA0075007B /* Build configuration list for PBXNativeTarget "CryptoMalloc" */ = {
			isa = XCConfigurationList;
			buildConfigurations = (
				A89C745D1CD856DA0075007B /* Debug */,
				A89C745E1CD856DA0075007B /* Release */,
			);
			defaultConfigurationIsVisible = 0;
			defaultConfigurationName = Release;
		};
/* End XCConfigurationList section */
	};
	rootObject = A89C74371CD82FF50075007B /* Project object */;
}
